// !$*UTF8*$!
{
	archiveVersion = 1;
	classes = {
	};
	objectVersion = 50;
	objects = {

/* Begin PBXBuildFile section */
		4A2E7DAB23A11D8A00F28B89 /* main.m in Sources */ = {isa = PBXBuildFile; fileRef = 4A2E7DAA23A11D8A00F28B89 /* main.m */; };
		4A2E7DB323A1A22C00F28B89 /* ODLog.m in Sources */ = {isa = PBXBuildFile; fileRef = 4A2E7DB123A1A22C00F28B89 /* ODLog.m */; };
/* End PBXBuildFile section */

/* Begin PBXCopyFilesBuildPhase section */
		4A2E7DA523A11D8A00F28B89 /* CopyFiles */ = {
			isa = PBXCopyFilesBuildPhase;
			buildActionMask = 2147483647;
			dstPath = /usr/share/man/man1/;
			dstSubfolderSpec = 0;
			files = (
			);
			runOnlyForDeploymentPostprocessing = 1;
		};
/* End PBXCopyFilesBuildPhase section */

/* Begin PBXFileReference section */
		4A2E7DA723A11D8A00F28B89 /* opendicomzipValidator */ = {isa = PBXFileReference; explicitFileType = "compiled.mach-o.executable"; includeInIndex = 0; path = opendicomzipValidator; sourceTree = BUILT_PRODUCTS_DIR; };
		4A2E7DAA23A11D8A00F28B89 /* main.m */ = {isa = PBXFileReference; lastKnownFileType = sourcecode.c.objc; path = main.m; sourceTree = "<group>"; };
		4A2E7DB123A1A22C00F28B89 /* ODLog.m */ = {isa = PBXFileReference; fileEncoding = 4; lastKnownFileType = sourcecode.c.objc; path = ODLog.m; sourceTree = "<group>"; };
		4A2E7DB223A1A22C00F28B89 /* ODLog.h */ = {isa = PBXFileReference; fileEncoding = 4; lastKnownFileType = sourcecode.c.h; path = ODLog.h; sourceTree = "<group>"; };
		4A86F64723A2A1F0006BCB5B /* dcm.zip */ = {isa = PBXFileReference; lastKnownFileType = archive.zip; name = dcm.zip; path = test/dcm.zip; sourceTree = "<group>"; };
/* End PBXFileReference section */

/* Begin PBXFrameworksBuildPhase section */
		4A2E7DA423A11D8A00F28B89 /* Frameworks */ = {
			isa = PBXFrameworksBuildPhase;
			buildActionMask = 2147483647;
			files = (
			);
			runOnlyForDeploymentPostprocessing = 0;
		};
/* End PBXFrameworksBuildPhase section */

/* Begin PBXGroup section */
		4A2E7D9E23A11D8A00F28B89 = {
			isa = PBXGroup;
			children = (
				4A86F64623A2A1C7006BCB5B /* test */,
				4A2E7DA923A11D8A00F28B89 /* zipParser */,
				4A2E7DA823A11D8A00F28B89 /* Products */,
			);
			sourceTree = "<group>";
		};
		4A2E7DA823A11D8A00F28B89 /* Products */ = {
			isa = PBXGroup;
			children = (
				4A2E7DA723A11D8A00F28B89 /* opendicomzipValidator */,
			);
			name = Products;
			sourceTree = "<group>";
		};
		4A2E7DA923A11D8A00F28B89 /* zipParser */ = {
			isa = PBXGroup;
			children = (
				4A2E7DB223A1A22C00F28B89 /* ODLog.h */,
				4A2E7DB123A1A22C00F28B89 /* ODLog.m */,
				4A2E7DAA23A11D8A00F28B89 /* main.m */,
			);
			path = zipParser;
			sourceTree = "<group>";
		};
		4A86F64623A2A1C7006BCB5B /* test */ = {
			isa = PBXGroup;
			children = (
				4A86F64723A2A1F0006BCB5B /* dcm.zip */,
			);
			name = test;
			sourceTree = "<group>";
		};
/* End PBXGroup section */

/* Begin PBXNativeTarget section */
		4A2E7DA623A11D8A00F28B89 /* opendicomzipValidator */ = {
			isa = PBXNativeTarget;
			buildConfigurationList = 4A2E7DAE23A11D8A00F28B89 /* Build configuration list for PBXNativeTarget "opendicomzipValidator" */;
			buildPhases = (
				4A2E7DA323A11D8A00F28B89 /* Sources */,
				4A2E7DA423A11D8A00F28B89 /* Frameworks */,
				4A2E7DA523A11D8A00F28B89 /* CopyFiles */,
			);
			buildRules = (
			);
			dependencies = (
			);
			name = opendicomzipValidator;
			productName = zipParser;
			productReference = 4A2E7DA723A11D8A00F28B89 /* opendicomzipValidator */;
			productType = "com.apple.product-type.tool";
		};
/* End PBXNativeTarget section */

/* Begin PBXProject section */
		4A2E7D9F23A11D8A00F28B89 /* Project object */ = {
			isa = PBXProject;
			attributes = {
				LastUpgradeCheck = 1100;
				ORGANIZATIONNAME = jacquesfauquex;
				TargetAttributes = {
					4A2E7DA623A11D8A00F28B89 = {
						CreatedOnToolsVersion = 11.0;
					};
				};
			};
			buildConfigurationList = 4A2E7DA223A11D8A00F28B89 /* Build configuration list for PBXProject "opendicomzipValidator" */;
			compatibilityVersion = "Xcode 9.3";
			developmentRegion = en;
			hasScannedForEncodings = 0;
			knownRegions = (
				en,
				Base,
			);
			mainGroup = 4A2E7D9E23A11D8A00F28B89;
			productRefGroup = 4A2E7DA823A11D8A00F28B89 /* Products */;
			projectDirPath = "";
			projectRoot = "";
			targets = (
				4A2E7DA623A11D8A00F28B89 /* opendicomzipValidator */,
			);
		};
/* End PBXProject section */

/* Begin PBXSourcesBuildPhase section */
		4A2E7DA323A11D8A00F28B89 /* Sources */ = {
			isa = PBXSourcesBuildPhase;
			buildActionMask = 2147483647;
			files = (
				4A2E7DAB23A11D8A00F28B89 /* main.m in Sources */,
				4A2E7DB323A1A22C00F28B89 /* ODLog.m in Sources */,
			);
			runOnlyForDeploymentPostprocessing = 0;
		};
/* End PBXSourcesBuildPhase section */

/* Begin XCBuildConfiguration section */
		4A2E7DAC23A11D8A00F28B89 /* Debug */ = {
			isa = XCBuildConfiguration;
			buildSettings = {
				ALWAYS_SEARCH_USER_PATHS = NO;
				CLANG_ANALYZER_NONNULL = YES;
				CLANG_ANALYZER_NUMBER_OBJECT_CONVERSION = YES_AGGRESSIVE;
				CLANG_CXX_LANGUAGE_STANDARD = "gnu++14";
				CLANG_CXX_LIBRARY = "libc++";
				CLANG_ENABLE_MODULES = YES;
				CLANG_ENABLE_OBJC_ARC = YES;
				CLANG_ENABLE_OBJC_WEAK = YES;
				CLANG_WARN_BLOCK_CAPTURE_AUTORELEASING = YES;
				CLANG_WARN_BOOL_CONVERSION = YES;
				CLANG_WARN_COMMA = YES;
				CLANG_WARN_CONSTANT_CONVERSION = YES;
				CLANG_WARN_DEPRECATED_OBJC_IMPLEMENTATIONS = YES;
				CLANG_WARN_DIRECT_OBJC_ISA_USAGE = YES_ERROR;
				CLANG_WARN_DOCUMENTATION_COMMENTS = YES;
				CLANG_WARN_EMPTY_BODY = YES;
				CLANG_WARN_ENUM_CONVERSION = YES;
				CLANG_WARN_INFINITE_RECURSION = YES;
				CLANG_WARN_INT_CONVERSION = YES;
				CLANG_WARN_NON_LITERAL_NULL_CONVERSION = YES;
				CLANG_WARN_OBJC_IMPLICIT_RETAIN_SELF = YES;
				CLANG_WARN_OBJC_LITERAL_CONVERSION = YES;
				CLANG_WARN_OBJC_ROOT_CLASS = YES_ERROR;
				CLANG_WARN_RANGE_LOOP_ANALYSIS = YES;
				CLANG_WARN_STRICT_PROTOTYPES = YES;
				CLANG_WARN_SUSPICIOUS_MOVE = YES;
				CLANG_WARN_UNGUARDED_AVAILABILITY = YES_AGGRESSIVE;
				CLANG_WARN_UNREACHABLE_CODE = YES;
				CLANG_WARN__DUPLICATE_METHOD_MATCH = YES;
				COPY_PHASE_STRIP = NO;
				DEBUG_INFORMATION_FORMAT = dwarf;
				ENABLE_STRICT_OBJC_MSGSEND = YES;
				ENABLE_TESTABILITY = YES;
				GCC_C_LANGUAGE_STANDARD = gnu11;
				GCC_DYNAMIC_NO_PIC = NO;
				GCC_NO_COMMON_BLOCKS = YES;
				GCC_OPTIMIZATION_LEVEL = 0;
				GCC_PREPROCESSOR_DEFINITIONS = (
					"DEBUG=1",
					"$(inherited)",
				);
				GCC_WARN_64_TO_32_BIT_CONVERSION = YES;
				GCC_WARN_ABOUT_RETURN_TYPE = YES_ERROR;
				GCC_WARN_UNDECLARED_SELECTOR = YES;
				GCC_WARN_UNINITIALIZED_AUTOS = YES_AGGRESSIVE;
				GCC_WARN_UNUSED_FUNCTION = YES;
				GCC_WARN_UNUSED_VARIABLE = YES;
				MACOSX_DEPLOYMENT_TARGET = 10.14;
				MTL_ENABLE_DEBUG_INFO = INCLUDE_SOURCE;
				MTL_FAST_MATH = YES;
				ONLY_ACTIVE_ARCH = YES;
				SDKROOT = macosx;
			};
			name = Debug;
		};
		4A2E7DAD23A11D8A00F28B89 /* Release */ = {
			isa = XCBuildConfiguration;
			buildSettings = {
				ALWAYS_SEARCH_USER_PATHS = NO;
				CLANG_ANALYZER_NONNULL = YES;
				CLANG_ANALYZER_NUMBER_OBJECT_CONVERSION = YES_AGGRESSIVE;
				CLANG_CXX_LANGUAGE_STANDARD = "gnu++14";
				CLANG_CXX_LIBRARY = "libc++";
				CLANG_ENABLE_MODULES = YES;
				CLANG_ENABLE_OBJC_ARC = YES;
				CLANG_ENABLE_OBJC_WEAK = YES;
				CLANG_WARN_BLOCK_CAPTURE_AUTORELEASING = YES;
				CLANG_WARN_BOOL_CONVERSION = YES;
				CLANG_WARN_COMMA = YES;
				CLANG_WARN_CONSTANT_CONVERSION = YES;
				CLANG_WARN_DEPRECATED_OBJC_IMPLEMENTATIONS = YES;
				CLANG_WARN_DIRECT_OBJC_ISA_USAGE = YES_ERROR;
				CLANG_WARN_DOCUMENTATION_COMMENTS = YES;
				CLANG_WARN_EMPTY_BODY = YES;
				CLANG_WARN_ENUM_CONVERSION = YES;
				CLANG_WARN_INFINITE_RECURSION = YES;
				CLANG_WARN_INT_CONVERSION = YES;
				CLANG_WARN_NON_LITERAL_NULL_CONVERSION = YES;
				CLANG_WARN_OBJC_IMPLICIT_RETAIN_SELF = YES;
				CLANG_WARN_OBJC_LITERAL_CONVERSION = YES;
				CLANG_WARN_OBJC_ROOT_CLASS = YES_ERROR;
				CLANG_WARN_RANGE_LOOP_ANALYSIS = YES;
				CLANG_WARN_STRICT_PROTOTYPES = YES;
				CLANG_WARN_SUSPICIOUS_MOVE = YES;
				CLANG_WARN_UNGUARDED_AVAILABILITY = YES_AGGRESSIVE;
				CLANG_WARN_UNREACHABLE_CODE = YES;
				CLANG_WARN__DUPLICATE_METHOD_MATCH = YES;
				COPY_PHASE_STRIP = NO;
				DEBUG_INFORMATION_FORMAT = "dwarf-with-dsym";
				ENABLE_NS_ASSERTIONS = NO;
				ENABLE_STRICT_OBJC_MSGSEND = YES;
				GCC_C_LANGUAGE_STANDARD = gnu11;
				GCC_NO_COMMON_BLOCKS = YES;
				GCC_WARN_64_TO_32_BIT_CONVERSION = YES;
				GCC_WARN_ABOUT_RETURN_TYPE = YES_ERROR;
				GCC_WARN_UNDECLARED_SELECTOR = YES;
				GCC_WARN_UNINITIALIZED_AUTOS = YES_AGGRESSIVE;
				GCC_WARN_UNUSED_FUNCTION = YES;
				GCC_WARN_UNUSED_VARIABLE = YES;
				MACOSX_DEPLOYMENT_TARGET = 10.14;
				MTL_ENABLE_DEBUG_INFO = NO;
				MTL_FAST_MATH = YES;
				SDKROOT = macosx;
			};
			name = Release;
		};
		4A2E7DAF23A11D8A00F28B89 /* Debug */ = {
			isa = XCBuildConfiguration;
			buildSettings = {
				CODE_SIGN_STYLE = Automatic;
				PRODUCT_NAME = "$(TARGET_NAME)";
			};
			name = Debug;
		};
		4A2E7DB023A11D8A00F28B89 /* Release */ = {
			isa = XCBuildConfiguration;
			buildSettings = {
				CODE_SIGN_STYLE = Automatic;
				PRODUCT_NAME = "$(TARGET_NAME)";
			};
			name = Release;
		};
/* End XCBuildConfiguration section */

/* Begin XCConfigurationList section */
		4A2E7DA223A11D8A00F28B89 /* Build configuration list for PBXProject "opendicomzipValidator" */ = {
			isa = XCConfigurationList;
			buildConfigurations = (
				4A2E7DAC23A11D8A00F28B89 /* Debug */,
				4A2E7DAD23A11D8A00F28B89 /* Release */,
			);
			defaultConfigurationIsVisible = 0;
			defaultConfigurationName = Release;
		};
		4A2E7DAE23A11D8A00F28B89 /* Build configuration list for PBXNativeTarget "opendicomzipValidator" */ = {
			isa = XCConfigurationList;
			buildConfigurations = (
				4A2E7DAF23A11D8A00F28B89 /* Debug */,
				4A2E7DB023A11D8A00F28B89 /* Release */,
			);
			defaultConfigurationIsVisible = 0;
			defaultConfigurationName = Release;
		};
/* End XCConfigurationList section */
	};
	rootObject = 4A2E7D9F23A11D8A00F28B89 /* Project object */;
}
